
Microsoft Visual Studio Solution File, Format Version 12.00
Project("{FAE04EC0-301F-11D3-BF4B-00C04F79EFBC}") = "Beginner.1000", "Beginner.1000\Beginner.1000.csproj", "{75DA2034-F283-41A2-9FB8-2970B0F2E3E7}"
EndProject
Project("{FAE04EC0-301F-11D3-BF4B-00C04F79EFBC}") = "Beginner.1001", "Beginner.1001\Beginner.1001.csproj", "{5348E40B-1DF9-4D1A-AE01-6868962EE4EB}"
EndProject
Project("{FAE04EC0-301F-11D3-BF4B-00C04F79EFBC}") = "Beginner.1002", "Beginner.1002\Beginner.1002.csproj", "{70FE2BB0-E0E4-4C73-A28C-1925CE56F8B3}"
EndProject
Project("{FAE04EC0-301F-11D3-BF4B-00C04F79EFBC}") = "Beginner.1003", "Beginner.1003\Beginner.1003.csproj", "{52887EC9-CF35-4447-A576-3C02EB685683}"
EndProject
Project("{FAE04EC0-301F-11D3-BF4B-00C04F79EFBC}") = "Beginner.1004", "Beginner.1004\Beginner.1004.csproj", "{53D50F6B-1B3A-40F2-AF3C-F1D7330AAFAD}"
EndProject
Project("{FAE04EC0-301F-11D3-BF4B-00C04F79EFBC}") = "Beginner.1005", "Beginner.1005\Beginner.1005.csproj", "{D7AAD9EE-1F7D-40E9-9C7B-1E0C24564830}"
EndProject
Project("{FAE04EC0-301F-11D3-BF4B-00C04F79EFBC}") = "Beginner.1006", "Beginner.1006\Beginner.1006.csproj", "{489BFCEE-0758-40EA-A0ED-3537E83EB123}"
EndProject
Project("{FAE04EC0-301F-11D3-BF4B-00C04F79EFBC}") = "Beginner.1007", "Beginner.1007\Beginner.1007.csproj", "{3353BC55-A845-4E16-B370-78FBA531C01D}"
EndProject
Project("{FAE04EC0-301F-11D3-BF4B-00C04F79EFBC}") = "Beginner.1008", "Beginner.1008\Beginner.1008.csproj", "{C3FC6B34-B16F-4371-9200-E1F2CFC850E4}"
EndProject
Project("{FAE04EC0-301F-11D3-BF4B-00C04F79EFBC}") = "Beginner.1009", "Beginner.1009\Beginner.1009.csproj", "{F98F2E79-F090-4FCF-926A-A26994FD43A8}"
EndProject
Project("{FAE04EC0-301F-11D3-BF4B-00C04F79EFBC}") = "Beginner.1010", "Beginner.1010\Beginner.1010.csproj", "{704BB158-20EC-4799-A0FF-F6D7CA288780}"
EndProject
Project("{FAE04EC0-301F-11D3-BF4B-00C04F79EFBC}") = "Beginner.1011", "Beginner.1011\Beginner.1011.csproj", "{29CA0B42-A144-4F98-AA4C-45B75C4E5581}"
EndProject
Project("{FAE04EC0-301F-11D3-BF4B-00C04F79EFBC}") = "Beginner.1012", "Beginner.1012\Beginner.1012.csproj", "{B9E35147-DD26-4E9B-90BD-63E7244A0ED6}"
EndProject
Project("{FAE04EC0-301F-11D3-BF4B-00C04F79EFBC}") = "Beginner.1013", "Beginner.1013\Beginner.1013.csproj", "{3DF61446-1F8A-4ACE-B949-42B26324A580}"
EndProject
Project("{FAE04EC0-301F-11D3-BF4B-00C04F79EFBC}") = "Beginner.1014", "Beginner.1014\Beginner.1014.csproj", "{BF417B73-C0AB-48A6-8463-A8C4C809A5EA}"
EndProject
Project("{FAE04EC0-301F-11D3-BF4B-00C04F79EFBC}") = "Beginner.1015", "Beginner.1015\Beginner.1015.csproj", "{4DB3A806-7BDA-4825-B750-6AF8CF1B3FAE}"
EndProject
Project("{FAE04EC0-301F-11D3-BF4B-00C04F79EFBC}") = "Beginner.1016", "Beginner.1016\Beginner.1016.csproj", "{75F46E59-D612-4009-819A-1CE7720A35DD}"
EndProject
Project("{FAE04EC0-301F-11D3-BF4B-00C04F79EFBC}") = "Beginner.1017", "Beginner.1017\Beginner.1017.csproj", "{98010B3D-1D75-4E61-AB55-9D187EA4BD34}"
EndProject
Project("{FAE04EC0-301F-11D3-BF4B-00C04F79EFBC}") = "Beginner.1018", "Beginner.1018\Beginner.1018.csproj", "{32D668E3-076A-4CC0-92B3-96B784D45CCC}"
EndProject
Project("{FAE04EC0-301F-11D3-BF4B-00C04F79EFBC}") = "Beginner.2006", "Beginner.2006\Beginner.2006.csproj", "{4DF7E5AA-CA6E-4124-9048-A9E8F054BE41}"
EndProject
Project("{FAE04EC0-301F-11D3-BF4B-00C04F79EFBC}") = "Beginner.1019", "Beginner.1019\Beginner.1019.csproj", "{083374EE-A9E7-4958-B218-4F309790C799}"
EndProject
Project("{FAE04EC0-301F-11D3-BF4B-00C04F79EFBC}") = "Beginner.1020", "Beginner.1020\Beginner.1020.csproj", "{8C22ADD2-BA4E-4AB9-86C2-D8B5BB04E25A}"
EndProject
Project("{FAE04EC0-301F-11D3-BF4B-00C04F79EFBC}") = "Beginner.1021", "Beginner.1021\Beginner.1021.csproj", "{56AF31B1-962E-4541-A71D-217467E29C40}"
EndProject
Project("{FAE04EC0-301F-11D3-BF4B-00C04F79EFBC}") = "Beginner.1035", "Beginner.1035\Beginner.1035.csproj", "{865738AC-3823-4157-AFDB-EF946F86E464}"
EndProject
Project("{FAE04EC0-301F-11D3-BF4B-00C04F79EFBC}") = "Beginner.1036", "Beginner.1036\Beginner.1036.csproj", "{94D9BED2-FEE8-4A9E-8251-71600E4B3D7A}"
EndProject
Project("{FAE04EC0-301F-11D3-BF4B-00C04F79EFBC}") = "Beginner.1037", "Beginner.1037\Beginner.1037.csproj", "{8F4648FD-6354-4A8F-80CD-A081FEBB2A89}"
EndProject
Project("{FAE04EC0-301F-11D3-BF4B-00C04F79EFBC}") = "Beginner.1038", "Beginner.1038\Beginner.1038.csproj", "{68D7C6EB-7D1F-4C2D-9527-A26E378877C3}"
EndProject
Project("{FAE04EC0-301F-11D3-BF4B-00C04F79EFBC}") = "Beginner.1040", "Beginner.1040\Beginner.1040.csproj", "{D0C080F1-C937-43B8-A50C-CDB7436783FA}"
EndProject
Global
	GlobalSection(SolutionConfigurationPlatforms) = preSolution
		Debug|Any CPU = Debug|Any CPU
		Release|Any CPU = Release|Any CPU
	EndGlobalSection
	GlobalSection(ProjectConfigurationPlatforms) = postSolution
		{75DA2034-F283-41A2-9FB8-2970B0F2E3E7}.Debug|Any CPU.ActiveCfg = Debug|Any CPU
		{75DA2034-F283-41A2-9FB8-2970B0F2E3E7}.Debug|Any CPU.Build.0 = Debug|Any CPU
		{75DA2034-F283-41A2-9FB8-2970B0F2E3E7}.Release|Any CPU.ActiveCfg = Release|Any CPU
		{75DA2034-F283-41A2-9FB8-2970B0F2E3E7}.Release|Any CPU.Build.0 = Release|Any CPU
		{5348E40B-1DF9-4D1A-AE01-6868962EE4EB}.Debug|Any CPU.ActiveCfg = Debug|Any CPU
		{5348E40B-1DF9-4D1A-AE01-6868962EE4EB}.Debug|Any CPU.Build.0 = Debug|Any CPU
		{5348E40B-1DF9-4D1A-AE01-6868962EE4EB}.Release|Any CPU.ActiveCfg = Release|Any CPU
		{5348E40B-1DF9-4D1A-AE01-6868962EE4EB}.Release|Any CPU.Build.0 = Release|Any CPU
		{70FE2BB0-E0E4-4C73-A28C-1925CE56F8B3}.Debug|Any CPU.ActiveCfg = Debug|Any CPU
		{70FE2BB0-E0E4-4C73-A28C-1925CE56F8B3}.Debug|Any CPU.Build.0 = Debug|Any CPU
		{70FE2BB0-E0E4-4C73-A28C-1925CE56F8B3}.Release|Any CPU.ActiveCfg = Release|Any CPU
		{70FE2BB0-E0E4-4C73-A28C-1925CE56F8B3}.Release|Any CPU.Build.0 = Release|Any CPU
		{52887EC9-CF35-4447-A576-3C02EB685683}.Debug|Any CPU.ActiveCfg = Debug|Any CPU
		{52887EC9-CF35-4447-A576-3C02EB685683}.Debug|Any CPU.Build.0 = Debug|Any CPU
		{52887EC9-CF35-4447-A576-3C02EB685683}.Release|Any CPU.ActiveCfg = Release|Any CPU
		{52887EC9-CF35-4447-A576-3C02EB685683}.Release|Any CPU.Build.0 = Release|Any CPU
		{53D50F6B-1B3A-40F2-AF3C-F1D7330AAFAD}.Debug|Any CPU.ActiveCfg = Debug|Any CPU
		{53D50F6B-1B3A-40F2-AF3C-F1D7330AAFAD}.Debug|Any CPU.Build.0 = Debug|Any CPU
		{53D50F6B-1B3A-40F2-AF3C-F1D7330AAFAD}.Release|Any CPU.ActiveCfg = Release|Any CPU
		{53D50F6B-1B3A-40F2-AF3C-F1D7330AAFAD}.Release|Any CPU.Build.0 = Release|Any CPU
		{D7AAD9EE-1F7D-40E9-9C7B-1E0C24564830}.Debug|Any CPU.ActiveCfg = Debug|Any CPU
		{D7AAD9EE-1F7D-40E9-9C7B-1E0C24564830}.Debug|Any CPU.Build.0 = Debug|Any CPU
		{D7AAD9EE-1F7D-40E9-9C7B-1E0C24564830}.Release|Any CPU.ActiveCfg = Release|Any CPU
		{D7AAD9EE-1F7D-40E9-9C7B-1E0C24564830}.Release|Any CPU.Build.0 = Release|Any CPU
		{489BFCEE-0758-40EA-A0ED-3537E83EB123}.Debug|Any CPU.ActiveCfg = Debug|Any CPU
		{489BFCEE-0758-40EA-A0ED-3537E83EB123}.Debug|Any CPU.Build.0 = Debug|Any CPU
		{489BFCEE-0758-40EA-A0ED-3537E83EB123}.Release|Any CPU.ActiveCfg = Release|Any CPU
		{489BFCEE-0758-40EA-A0ED-3537E83EB123}.Release|Any CPU.Build.0 = Release|Any CPU
		{3353BC55-A845-4E16-B370-78FBA531C01D}.Debug|Any CPU.ActiveCfg = Debug|Any CPU
		{3353BC55-A845-4E16-B370-78FBA531C01D}.Debug|Any CPU.Build.0 = Debug|Any CPU
		{3353BC55-A845-4E16-B370-78FBA531C01D}.Release|Any CPU.ActiveCfg = Release|Any CPU
		{3353BC55-A845-4E16-B370-78FBA531C01D}.Release|Any CPU.Build.0 = Release|Any CPU
		{C3FC6B34-B16F-4371-9200-E1F2CFC850E4}.Debug|Any CPU.ActiveCfg = Debug|Any CPU
		{C3FC6B34-B16F-4371-9200-E1F2CFC850E4}.Debug|Any CPU.Build.0 = Debug|Any CPU
		{C3FC6B34-B16F-4371-9200-E1F2CFC850E4}.Release|Any CPU.ActiveCfg = Release|Any CPU
		{C3FC6B34-B16F-4371-9200-E1F2CFC850E4}.Release|Any CPU.Build.0 = Release|Any CPU
		{F98F2E79-F090-4FCF-926A-A26994FD43A8}.Debug|Any CPU.ActiveCfg = Debug|Any CPU
		{F98F2E79-F090-4FCF-926A-A26994FD43A8}.Debug|Any CPU.Build.0 = Debug|Any CPU
		{F98F2E79-F090-4FCF-926A-A26994FD43A8}.Release|Any CPU.ActiveCfg = Release|Any CPU
		{F98F2E79-F090-4FCF-926A-A26994FD43A8}.Release|Any CPU.Build.0 = Release|Any CPU
		{704BB158-20EC-4799-A0FF-F6D7CA288780}.Debug|Any CPU.ActiveCfg = Debug|Any CPU
		{704BB158-20EC-4799-A0FF-F6D7CA288780}.Debug|Any CPU.Build.0 = Debug|Any CPU
		{704BB158-20EC-4799-A0FF-F6D7CA288780}.Release|Any CPU.ActiveCfg = Release|Any CPU
		{704BB158-20EC-4799-A0FF-F6D7CA288780}.Release|Any CPU.Build.0 = Release|Any CPU
		{29CA0B42-A144-4F98-AA4C-45B75C4E5581}.Debug|Any CPU.ActiveCfg = Debug|Any CPU
		{29CA0B42-A144-4F98-AA4C-45B75C4E5581}.Debug|Any CPU.Build.0 = Debug|Any CPU
		{29CA0B42-A144-4F98-AA4C-45B75C4E5581}.Release|Any CPU.ActiveCfg = Release|Any CPU
		{29CA0B42-A144-4F98-AA4C-45B75C4E5581}.Release|Any CPU.Build.0 = Release|Any CPU
		{B9E35147-DD26-4E9B-90BD-63E7244A0ED6}.Debug|Any CPU.ActiveCfg = Debug|Any CPU
		{B9E35147-DD26-4E9B-90BD-63E7244A0ED6}.Debug|Any CPU.Build.0 = Debug|Any CPU
		{B9E35147-DD26-4E9B-90BD-63E7244A0ED6}.Release|Any CPU.ActiveCfg = Release|Any CPU
		{B9E35147-DD26-4E9B-90BD-63E7244A0ED6}.Release|Any CPU.Build.0 = Release|Any CPU
		{3DF61446-1F8A-4ACE-B949-42B26324A580}.Debug|Any CPU.ActiveCfg = Debug|Any CPU
		{3DF61446-1F8A-4ACE-B949-42B26324A580}.Debug|Any CPU.Build.0 = Debug|Any CPU
		{3DF61446-1F8A-4ACE-B949-42B26324A580}.Release|Any CPU.ActiveCfg = Release|Any CPU
		{3DF61446-1F8A-4ACE-B949-42B26324A580}.Release|Any CPU.Build.0 = Release|Any CPU
		{BF417B73-C0AB-48A6-8463-A8C4C809A5EA}.Debug|Any CPU.ActiveCfg = Debug|Any CPU
		{BF417B73-C0AB-48A6-8463-A8C4C809A5EA}.Debug|Any CPU.Build.0 = Debug|Any CPU
		{BF417B73-C0AB-48A6-8463-A8C4C809A5EA}.Release|Any CPU.ActiveCfg = Release|Any CPU
		{BF417B73-C0AB-48A6-8463-A8C4C809A5EA}.Release|Any CPU.Build.0 = Release|Any CPU
		{4DB3A806-7BDA-4825-B750-6AF8CF1B3FAE}.Debug|Any CPU.ActiveCfg = Debug|Any CPU
		{4DB3A806-7BDA-4825-B750-6AF8CF1B3FAE}.Debug|Any CPU.Build.0 = Debug|Any CPU
		{4DB3A806-7BDA-4825-B750-6AF8CF1B3FAE}.Release|Any CPU.ActiveCfg = Release|Any CPU
		{4DB3A806-7BDA-4825-B750-6AF8CF1B3FAE}.Release|Any CPU.Build.0 = Release|Any CPU
		{75F46E59-D612-4009-819A-1CE7720A35DD}.Debug|Any CPU.ActiveCfg = Debug|Any CPU
		{75F46E59-D612-4009-819A-1CE7720A35DD}.Debug|Any CPU.Build.0 = Debug|Any CPU
		{75F46E59-D612-4009-819A-1CE7720A35DD}.Release|Any CPU.ActiveCfg = Release|Any CPU
		{75F46E59-D612-4009-819A-1CE7720A35DD}.Release|Any CPU.Build.0 = Release|Any CPU
		{98010B3D-1D75-4E61-AB55-9D187EA4BD34}.Debug|Any CPU.ActiveCfg = Debug|Any CPU
		{98010B3D-1D75-4E61-AB55-9D187EA4BD34}.Debug|Any CPU.Build.0 = Debug|Any CPU
		{98010B3D-1D75-4E61-AB55-9D187EA4BD34}.Release|Any CPU.ActiveCfg = Release|Any CPU
		{98010B3D-1D75-4E61-AB55-9D187EA4BD34}.Release|Any CPU.Build.0 = Release|Any CPU
		{32D668E3-076A-4CC0-92B3-96B784D45CCC}.Debug|Any CPU.ActiveCfg = Debug|Any CPU
		{32D668E3-076A-4CC0-92B3-96B784D45CCC}.Debug|Any CPU.Build.0 = Debug|Any CPU
		{32D668E3-076A-4CC0-92B3-96B784D45CCC}.Release|Any CPU.ActiveCfg = Release|Any CPU
		{32D668E3-076A-4CC0-92B3-96B784D45CCC}.Release|Any CPU.Build.0 = Release|Any CPU
		{4DF7E5AA-CA6E-4124-9048-A9E8F054BE41}.Debug|Any CPU.ActiveCfg = Debug|Any CPU
		{4DF7E5AA-CA6E-4124-9048-A9E8F054BE41}.Debug|Any CPU.Build.0 = Debug|Any CPU
		{4DF7E5AA-CA6E-4124-9048-A9E8F054BE41}.Release|Any CPU.ActiveCfg = Release|Any CPU
		{4DF7E5AA-CA6E-4124-9048-A9E8F054BE41}.Release|Any CPU.Build.0 = Release|Any CPU
		{083374EE-A9E7-4958-B218-4F309790C799}.Debug|Any CPU.ActiveCfg = Debug|Any CPU
		{083374EE-A9E7-4958-B218-4F309790C799}.Debug|Any CPU.Build.0 = Debug|Any CPU
		{083374EE-A9E7-4958-B218-4F309790C799}.Release|Any CPU.ActiveCfg = Release|Any CPU
		{083374EE-A9E7-4958-B218-4F309790C799}.Release|Any CPU.Build.0 = Release|Any CPU
		{8C22ADD2-BA4E-4AB9-86C2-D8B5BB04E25A}.Debug|Any CPU.ActiveCfg = Debug|Any CPU
		{8C22ADD2-BA4E-4AB9-86C2-D8B5BB04E25A}.Debug|Any CPU.Build.0 = Debug|Any CPU
		{8C22ADD2-BA4E-4AB9-86C2-D8B5BB04E25A}.Release|Any CPU.ActiveCfg = Release|Any CPU
		{8C22ADD2-BA4E-4AB9-86C2-D8B5BB04E25A}.Release|Any CPU.Build.0 = Release|Any CPU
		{56AF31B1-962E-4541-A71D-217467E29C40}.Debug|Any CPU.ActiveCfg = Debug|Any CPU
		{56AF31B1-962E-4541-A71D-217467E29C40}.Debug|Any CPU.Build.0 = Debug|Any CPU
		{56AF31B1-962E-4541-A71D-217467E29C40}.Release|Any CPU.ActiveCfg = Release|Any CPU
		{56AF31B1-962E-4541-A71D-217467E29C40}.Release|Any CPU.Build.0 = Release|Any CPU
		{865738AC-3823-4157-AFDB-EF946F86E464}.Debug|Any CPU.ActiveCfg = Debug|Any CPU
		{865738AC-3823-4157-AFDB-EF946F86E464}.Debug|Any CPU.Build.0 = Debug|Any CPU
		{865738AC-3823-4157-AFDB-EF946F86E464}.Release|Any CPU.ActiveCfg = Release|Any CPU
		{865738AC-3823-4157-AFDB-EF946F86E464}.Release|Any CPU.Build.0 = Release|Any CPU
		{94D9BED2-FEE8-4A9E-8251-71600E4B3D7A}.Debug|Any CPU.ActiveCfg = Debug|Any CPU
		{94D9BED2-FEE8-4A9E-8251-71600E4B3D7A}.Debug|Any CPU.Build.0 = Debug|Any CPU
		{94D9BED2-FEE8-4A9E-8251-71600E4B3D7A}.Release|Any CPU.ActiveCfg = Release|Any CPU
		{94D9BED2-FEE8-4A9E-8251-71600E4B3D7A}.Release|Any CPU.Build.0 = Release|Any CPU
		{8F4648FD-6354-4A8F-80CD-A081FEBB2A89}.Debug|Any CPU.ActiveCfg = Debug|Any CPU
		{8F4648FD-6354-4A8F-80CD-A081FEBB2A89}.Debug|Any CPU.Build.0 = Debug|Any CPU
		{8F4648FD-6354-4A8F-80CD-A081FEBB2A89}.Release|Any CPU.ActiveCfg = Release|Any CPU
		{8F4648FD-6354-4A8F-80CD-A081FEBB2A89}.Release|Any CPU.Build.0 = Release|Any CPU
		{68D7C6EB-7D1F-4C2D-9527-A26E378877C3}.Debug|Any CPU.ActiveCfg = Debug|Any CPU
		{68D7C6EB-7D1F-4C2D-9527-A26E378877C3}.Debug|Any CPU.Build.0 = Debug|Any CPU
		{68D7C6EB-7D1F-4C2D-9527-A26E378877C3}.Release|Any CPU.ActiveCfg = Release|Any CPU
		{68D7C6EB-7D1F-4C2D-9527-A26E378877C3}.Release|Any CPU.Build.0 = Release|Any CPU
		{D0C080F1-C937-43B8-A50C-CDB7436783FA}.Debug|Any CPU.ActiveCfg = Debug|Any CPU
		{D0C080F1-C937-43B8-A50C-CDB7436783FA}.Debug|Any CPU.Build.0 = Debug|Any CPU
		{D0C080F1-C937-43B8-A50C-CDB7436783FA}.Release|Any CPU.ActiveCfg = Release|Any CPU
		{D0C080F1-C937-43B8-A50C-CDB7436783FA}.Release|Any CPU.Build.0 = Release|Any CPU
	EndGlobalSection
EndGlobal
