
Microsoft Visual Studio Solution File, Format Version 12.00
Project("{FAE04EC0-301F-11D3-BF4B-00C04F79EFBC}") = "Beginner.1000", "Beginner.1000\Beginner.1000.csproj", "{75DA2034-F283-41A2-9FB8-2970B0F2E3E7}"
EndProject
Project("{FAE04EC0-301F-11D3-BF4B-00C04F79EFBC}") = "Beginner.1001", "Beginner.1001\Beginner.1001.csproj", "{5348E40B-1DF9-4D1A-AE01-6868962EE4EB}"
EndProject
Project("{FAE04EC0-301F-11D3-BF4B-00C04F79EFBC}") = "Beginner.1002", "Beginner.1002\Beginner.1002.csproj", "{70FE2BB0-E0E4-4C73-A28C-1925CE56F8B3}"
EndProject
Project("{FAE04EC0-301F-11D3-BF4B-00C04F79EFBC}") = "Beginner.1003", "Beginner.1003\Beginner.1003.csproj", "{52887EC9-CF35-4447-A576-3C02EB685683}"
EndProject
Project("{FAE04EC0-301F-11D3-BF4B-00C04F79EFBC}") = "Beginner.1004", "Beginner.1004\Beginner.1004.csproj", "{53D50F6B-1B3A-40F2-AF3C-F1D7330AAFAD}"
EndProject
Project("{FAE04EC0-301F-11D3-BF4B-00C04F79EFBC}") = "Beginner.1005", "Beginner.1005\Beginner.1005.csproj", "{D7AAD9EE-1F7D-40E9-9C7B-1E0C24564830}"
EndProject
Project("{FAE04EC0-301F-11D3-BF4B-00C04F79EFBC}") = "Beginner.1006", "Beginner.1006\Beginner.1006.csproj", "{489BFCEE-0758-40EA-A0ED-3537E83EB123}"
EndProject
Project("{FAE04EC0-301F-11D3-BF4B-00C04F79EFBC}") = "Beginner.1007", "Beginner.1007\Beginner.1007.csproj", "{3353BC55-A845-4E16-B370-78FBA531C01D}"
EndProject
Project("{FAE04EC0-301F-11D3-BF4B-00C04F79EFBC}") = "Beginner.1008", "Beginner.1008\Beginner.1008.csproj", "{C3FC6B34-B16F-4371-9200-E1F2CFC850E4}"
EndProject
Project("{FAE04EC0-301F-11D3-BF4B-00C04F79EFBC}") = "Beginner.1009", "Beginner.1009\Beginner.1009.csproj", "{F98F2E79-F090-4FCF-926A-A26994FD43A8}"
EndProject
Project("{FAE04EC0-301F-11D3-BF4B-00C04F79EFBC}") = "Beginner.1010", "Beginner.1010\Beginner.1010.csproj", "{704BB158-20EC-4799-A0FF-F6D7CA288780}"
EndProject
Global
	GlobalSection(SolutionConfigurationPlatforms) = preSolution
		Debug|Any CPU = Debug|Any CPU
		Release|Any CPU = Release|Any CPU
	EndGlobalSection
	GlobalSection(ProjectConfigurationPlatforms) = postSolution
		{75DA2034-F283-41A2-9FB8-2970B0F2E3E7}.Debug|Any CPU.ActiveCfg = Debug|Any CPU
		{75DA2034-F283-41A2-9FB8-2970B0F2E3E7}.Debug|Any CPU.Build.0 = Debug|Any CPU
		{75DA2034-F283-41A2-9FB8-2970B0F2E3E7}.Release|Any CPU.ActiveCfg = Release|Any CPU
		{75DA2034-F283-41A2-9FB8-2970B0F2E3E7}.Release|Any CPU.Build.0 = Release|Any CPU
		{5348E40B-1DF9-4D1A-AE01-6868962EE4EB}.Debug|Any CPU.ActiveCfg = Debug|Any CPU
		{5348E40B-1DF9-4D1A-AE01-6868962EE4EB}.Debug|Any CPU.Build.0 = Debug|Any CPU
		{5348E40B-1DF9-4D1A-AE01-6868962EE4EB}.Release|Any CPU.ActiveCfg = Release|Any CPU
		{5348E40B-1DF9-4D1A-AE01-6868962EE4EB}.Release|Any CPU.Build.0 = Release|Any CPU
		{70FE2BB0-E0E4-4C73-A28C-1925CE56F8B3}.Debug|Any CPU.ActiveCfg = Debug|Any CPU
		{70FE2BB0-E0E4-4C73-A28C-1925CE56F8B3}.Debug|Any CPU.Build.0 = Debug|Any CPU
		{70FE2BB0-E0E4-4C73-A28C-1925CE56F8B3}.Release|Any CPU.ActiveCfg = Release|Any CPU
		{70FE2BB0-E0E4-4C73-A28C-1925CE56F8B3}.Release|Any CPU.Build.0 = Release|Any CPU
		{52887EC9-CF35-4447-A576-3C02EB685683}.Debug|Any CPU.ActiveCfg = Debug|Any CPU
		{52887EC9-CF35-4447-A576-3C02EB685683}.Debug|Any CPU.Build.0 = Debug|Any CPU
		{52887EC9-CF35-4447-A576-3C02EB685683}.Release|Any CPU.ActiveCfg = Release|Any CPU
		{52887EC9-CF35-4447-A576-3C02EB685683}.Release|Any CPU.Build.0 = Release|Any CPU
		{53D50F6B-1B3A-40F2-AF3C-F1D7330AAFAD}.Debug|Any CPU.ActiveCfg = Debug|Any CPU
		{53D50F6B-1B3A-40F2-AF3C-F1D7330AAFAD}.Debug|Any CPU.Build.0 = Debug|Any CPU
		{53D50F6B-1B3A-40F2-AF3C-F1D7330AAFAD}.Release|Any CPU.ActiveCfg = Release|Any CPU
		{53D50F6B-1B3A-40F2-AF3C-F1D7330AAFAD}.Release|Any CPU.Build.0 = Release|Any CPU
		{D7AAD9EE-1F7D-40E9-9C7B-1E0C24564830}.Debug|Any CPU.ActiveCfg = Debug|Any CPU
		{D7AAD9EE-1F7D-40E9-9C7B-1E0C24564830}.Debug|Any CPU.Build.0 = Debug|Any CPU
		{D7AAD9EE-1F7D-40E9-9C7B-1E0C24564830}.Release|Any CPU.ActiveCfg = Release|Any CPU
		{D7AAD9EE-1F7D-40E9-9C7B-1E0C24564830}.Release|Any CPU.Build.0 = Release|Any CPU
		{489BFCEE-0758-40EA-A0ED-3537E83EB123}.Debug|Any CPU.ActiveCfg = Debug|Any CPU
		{489BFCEE-0758-40EA-A0ED-3537E83EB123}.Debug|Any CPU.Build.0 = Debug|Any CPU
		{489BFCEE-0758-40EA-A0ED-3537E83EB123}.Release|Any CPU.ActiveCfg = Release|Any CPU
		{489BFCEE-0758-40EA-A0ED-3537E83EB123}.Release|Any CPU.Build.0 = Release|Any CPU
		{3353BC55-A845-4E16-B370-78FBA531C01D}.Debug|Any CPU.ActiveCfg = Debug|Any CPU
		{3353BC55-A845-4E16-B370-78FBA531C01D}.Debug|Any CPU.Build.0 = Debug|Any CPU
		{3353BC55-A845-4E16-B370-78FBA531C01D}.Release|Any CPU.ActiveCfg = Release|Any CPU
		{3353BC55-A845-4E16-B370-78FBA531C01D}.Release|Any CPU.Build.0 = Release|Any CPU
		{C3FC6B34-B16F-4371-9200-E1F2CFC850E4}.Debug|Any CPU.ActiveCfg = Debug|Any CPU
		{C3FC6B34-B16F-4371-9200-E1F2CFC850E4}.Debug|Any CPU.Build.0 = Debug|Any CPU
		{C3FC6B34-B16F-4371-9200-E1F2CFC850E4}.Release|Any CPU.ActiveCfg = Release|Any CPU
		{C3FC6B34-B16F-4371-9200-E1F2CFC850E4}.Release|Any CPU.Build.0 = Release|Any CPU
		{F98F2E79-F090-4FCF-926A-A26994FD43A8}.Debug|Any CPU.ActiveCfg = Debug|Any CPU
		{F98F2E79-F090-4FCF-926A-A26994FD43A8}.Debug|Any CPU.Build.0 = Debug|Any CPU
		{F98F2E79-F090-4FCF-926A-A26994FD43A8}.Release|Any CPU.ActiveCfg = Release|Any CPU
		{F98F2E79-F090-4FCF-926A-A26994FD43A8}.Release|Any CPU.Build.0 = Release|Any CPU
		{704BB158-20EC-4799-A0FF-F6D7CA288780}.Debug|Any CPU.ActiveCfg = Debug|Any CPU
		{704BB158-20EC-4799-A0FF-F6D7CA288780}.Debug|Any CPU.Build.0 = Debug|Any CPU
		{704BB158-20EC-4799-A0FF-F6D7CA288780}.Release|Any CPU.ActiveCfg = Release|Any CPU
		{704BB158-20EC-4799-A0FF-F6D7CA288780}.Release|Any CPU.Build.0 = Release|Any CPU
	EndGlobalSection
EndGlobal
